// !$*UTF8*$!
{
	archiveVersion = 1;
	classes = {
	};
	objectVersion = 45;
	objects = {

/* Begin PBXBuildFile section */
		9A5BC0B4164CDB47007200B6 /* main.cpp in Sources */ = {isa = PBXBuildFile; fileRef = 9A5BC0B3164CDB47007200B6 /* main.cpp */; };
		9A5BC0CA164CDC09007200B6 /* CallBack.cpp in Sources */ = {isa = PBXBuildFile; fileRef = 9A5BC0C2164CDC09007200B6 /* CallBack.cpp */; };
		9A5BC0CB164CDC09007200B6 /* Function.cpp in Sources */ = {isa = PBXBuildFile; fileRef = 9A5BC0C4164CDC09007200B6 /* Function.cpp */; };
		9A5BC0D4164CDCD8007200B6 /* Carbon.framework in Frameworks */ = {isa = PBXBuildFile; fileRef = 9A5BC0D3164CDCD8007200B6 /* Carbon.framework */; };
/* End PBXBuildFile section */

/* Begin PBXCopyFilesBuildPhase section */
		8DD76F690486A84900D96B5E /* CopyFiles */ = {
			isa = PBXCopyFilesBuildPhase;
			buildActionMask = 8;
			dstPath = /usr/share/man/man1/;
			dstSubfolderSpec = 0;
			files = (
			);
			runOnlyForDeploymentPostprocessing = 1;
		};
/* End PBXCopyFilesBuildPhase section */

/* Begin PBXFileReference section */
		8DD76F6C0486A84900D96B5E /* Type0010CtrlSample */ = {isa = PBXFileReference; explicitFileType = "compiled.mach-o.executable"; includeInIndex = 0; path = Type0010CtrlSample; sourceTree = BUILT_PRODUCTS_DIR; };
		9A5BC0B3164CDB47007200B6 /* main.cpp */ = {isa = PBXFileReference; fileEncoding = 4; lastKnownFileType = sourcecode.cpp.cpp; name = main.cpp; path = ../main.cpp; sourceTree = SOURCE_ROOT; };
		9A5BC0C2164CDC09007200B6 /* CallBack.cpp */ = {isa = PBXFileReference; fileEncoding = 4; lastKnownFileType = sourcecode.cpp.cpp; name = CallBack.cpp; path = ../CallBack.cpp; sourceTree = SOURCE_ROOT; };
		9A5BC0C3164CDC09007200B6 /* CtrlSample.h */ = {isa = PBXFileReference; fileEncoding = 4; lastKnownFileType = sourcecode.c.h; name = CtrlSample.h; path = ../CtrlSample.h; sourceTree = SOURCE_ROOT; };
		9A5BC0C4164CDC09007200B6 /* Function.cpp */ = {isa = PBXFileReference; fileEncoding = 4; lastKnownFileType = sourcecode.cpp.cpp; name = Function.cpp; path = ../Function.cpp; sourceTree = SOURCE_ROOT; };
		9A5BC0C5164CDC09007200B6 /* Maid3.h */ = {isa = PBXFileReference; fileEncoding = 4; lastKnownFileType = sourcecode.c.h; name = Maid3.h; path = ../Maid3.h; sourceTree = SOURCE_ROOT; };
		9A5BC0C6164CDC09007200B6 /* maid3d1.h */ = {isa = PBXFileReference; fileEncoding = 4; lastKnownFileType = sourcecode.c.h; name = maid3d1.h; path = ../maid3d1.h; sourceTree = SOURCE_ROOT; };
		9A5BC0C7164CDC09007200B6 /* NkEndian.h */ = {isa = PBXFileReference; fileEncoding = 4; lastKnownFileType = sourcecode.c.h; name = NkEndian.h; path = ../NkEndian.h; sourceTree = SOURCE_ROOT; };
		9A5BC0C8164CDC09007200B6 /* Nkstdint.h */ = {isa = PBXFileReference; fileEncoding = 4; lastKnownFileType = sourcecode.c.h; name = Nkstdint.h; path = ../Nkstdint.h; sourceTree = SOURCE_ROOT; };
		9A5BC0C9164CDC09007200B6 /* NkTypes.h */ = {isa = PBXFileReference; fileEncoding = 4; lastKnownFileType = sourcecode.c.h; name = NkTypes.h; path = ../NkTypes.h; sourceTree = SOURCE_ROOT; };
		9A5BC0D3164CDCD8007200B6 /* Carbon.framework */ = {isa = PBXFileReference; lastKnownFileType = wrapper.framework; name = Carbon.framework; path = /System/Library/Frameworks/Carbon.framework; sourceTree = "<absolute>"; };
/* End PBXFileReference section */

/* Begin PBXFrameworksBuildPhase section */
		8DD76F660486A84900D96B5E /* Frameworks */ = {
			isa = PBXFrameworksBuildPhase;
			buildActionMask = 2147483647;
			files = (
				9A5BC0D4164CDCD8007200B6 /* Carbon.framework in Frameworks */,
			);
			runOnlyForDeploymentPostprocessing = 0;
		};
/* End PBXFrameworksBuildPhase section */

/* Begin PBXGroup section */
		08FB7794FE84155DC02AAC07 /* Type0009CtrlSample */ = {
			isa = PBXGroup;
			children = (
				9A5BC0D2164CDCD8007200B6 /* External Frameworks and Libraries */,
				08FB7795FE84155DC02AAC07 /* Source */,
				C6859E8C029090F304C91782 /* Documentation */,
				1AB674ADFE9D54B511CA2CBB /* Products */,
			);
			name = Type0009CtrlSample;
			sourceTree = "<group>";
		};
		08FB7795FE84155DC02AAC07 /* Source */ = {
			isa = PBXGroup;
			children = (
				9A5BC0B3164CDB47007200B6 /* main.cpp */,
				9A5BC0C2164CDC09007200B6 /* CallBack.cpp */,
				9A5BC0C3164CDC09007200B6 /* CtrlSample.h */,
				9A5BC0C4164CDC09007200B6 /* Function.cpp */,
				9A5BC0C5164CDC09007200B6 /* Maid3.h */,
				9A5BC0C6164CDC09007200B6 /* maid3d1.h */,
				9A5BC0C7164CDC09007200B6 /* NkEndian.h */,
				9A5BC0C8164CDC09007200B6 /* Nkstdint.h */,
				9A5BC0C9164CDC09007200B6 /* NkTypes.h */,
			);
			name = Source;
			sourceTree = "<group>";
		};
		1AB674ADFE9D54B511CA2CBB /* Products */ = {
			isa = PBXGroup;
			children = (
				8DD76F6C0486A84900D96B5E /* Type0010CtrlSample */,
			);
			name = Products;
			sourceTree = "<group>";
		};
		9A5BC0D2164CDCD8007200B6 /* External Frameworks and Libraries */ = {
			isa = PBXGroup;
			children = (
				9A5BC0D3164CDCD8007200B6 /* Carbon.framework */,
			);
			name = "External Frameworks and Libraries";
			sourceTree = "<group>";
		};
		C6859E8C029090F304C91782 /* Documentation */ = {
			isa = PBXGroup;
			children = (
			);
			name = Documentation;
			sourceTree = "<group>";
		};
/* End PBXGroup section */

/* Begin PBXNativeTarget section */
		8DD76F620486A84900D96B5E /* Type0010CtrlSample */ = {
			isa = PBXNativeTarget;
			buildConfigurationList = 1DEB923108733DC60010E9CD /* Build configuration list for PBXNativeTarget "Type0010CtrlSample" */;
			buildPhases = (
				8DD76F640486A84900D96B5E /* Sources */,
				8DD76F660486A84900D96B5E /* Frameworks */,
				8DD76F690486A84900D96B5E /* CopyFiles */,
			);
			buildRules = (
			);
			dependencies = (
			);
			name = Type0010CtrlSample;
			productInstallPath = "$(HOME)/bin";
			productName = Type0009CtrlSample;
			productReference = 8DD76F6C0486A84900D96B5E /* Type0010CtrlSample */;
			productType = "com.apple.product-type.tool";
		};
/* End PBXNativeTarget section */

/* Begin PBXProject section */
		08FB7793FE84155DC02AAC07 /* Project object */ = {
			isa = PBXProject;
			buildConfigurationList = 1DEB923508733DC60010E9CD /* Build configuration list for PBXProject "Type0010CtrlSample" */;
			compatibilityVersion = "Xcode 3.1";
			developmentRegion = English;
			hasScannedForEncodings = 1;
			knownRegions = (
				English,
				Japanese,
				French,
				German,
			);
			mainGroup = 08FB7794FE84155DC02AAC07 /* Type0009CtrlSample */;
			projectDirPath = "";
			projectRoot = "";
			targets = (
				8DD76F620486A84900D96B5E /* Type0010CtrlSample */,
			);
		};
/* End PBXProject section */

/* Begin PBXSourcesBuildPhase section */
		8DD76F640486A84900D96B5E /* Sources */ = {
			isa = PBXSourcesBuildPhase;
			buildActionMask = 2147483647;
			files = (
				9A5BC0B4164CDB47007200B6 /* main.cpp in Sources */,
				9A5BC0CA164CDC09007200B6 /* CallBack.cpp in Sources */,
				9A5BC0CB164CDC09007200B6 /* Function.cpp in Sources */,
			);
			runOnlyForDeploymentPostprocessing = 0;
		};
/* End PBXSourcesBuildPhase section */

/* Begin XCBuildConfiguration section */
		1DEB923208733DC60010E9CD /* Debug */ = {
			isa = XCBuildConfiguration;
			buildSettings = {
				ALWAYS_SEARCH_USER_PATHS = NO;
				COPY_PHASE_STRIP = NO;
				GCC_DYNAMIC_NO_PIC = NO;
				GCC_ENABLE_FIX_AND_CONTINUE = YES;
				GCC_MODEL_TUNING = G5;
				GCC_OPTIMIZATION_LEVEL = 0;
				INSTALL_PATH = /usr/local/bin;
				PRODUCT_NAME = Type0010CtrlSample;
			};
			name = Debug;
		};
		1DEB923308733DC60010E9CD /* Release */ = {
			isa = XCBuildConfiguration;
			buildSettings = {
				ALWAYS_SEARCH_USER_PATHS = NO;
				DEBUG_INFORMATION_FORMAT = "dwarf-with-dsym";
				GCC_MODEL_TUNING = G5;
				INSTALL_PATH = /usr/local/bin;
				PRODUCT_NAME = Type0010CtrlSample;
			};
			name = Release;
		};
		1DEB923608733DC60010E9CD /* Debug */ = {
			isa = XCBuildConfiguration;
			buildSettings = {
				ARCHS = i386;
				GCC_C_LANGUAGE_STANDARD = gnu99;
				GCC_OPTIMIZATION_LEVEL = 0;
				GCC_PRECOMPILE_PREFIX_HEADER = NO;
				GCC_PREFIX_HEADER = CtrlSample.pch;
				GCC_VERSION = "";
				GCC_WARN_ABOUT_RETURN_TYPE = YES;
				GCC_WARN_UNUSED_VARIABLE = YES;
				ONLY_ACTIVE_ARCH = YES;
				PREBINDING = NO;
				SDKROOT = macosx10.5;
				VALID_ARCHS = i386;
			};
			name = Debug;
		};
		1DEB923708733DC60010E9CD /* Release */ = {
			isa = XCBuildConfiguration;
			buildSettings = {
				ARCHS = i386;
				GCC_C_LANGUAGE_STANDARD = gnu99;
				GCC_PRECOMPILE_PREFIX_HEADER = NO;
				GCC_PREFIX_HEADER = CtrlSample.pch;
				GCC_VERSION = "";
				GCC_WARN_ABOUT_RETURN_TYPE = YES;
				GCC_WARN_UNUSED_VARIABLE = YES;
				PREBINDING = NO;
				SDKROOT = macosx10.5;
				VALID_ARCHS = i386;
			};
			name = Release;
		};
/* End XCBuildConfiguration section */

/* Begin XCConfigurationList section */
		1DEB923108733DC60010E9CD /* Build configuration list for PBXNativeTarget "Type0010CtrlSample" */ = {
			isa = XCConfigurationList;
			buildConfigurations = (
				1DEB923208733DC60010E9CD /* Debug */,
				1DEB923308733DC60010E9CD /* Release */,
			);
			defaultConfigurationIsVisible = 0;
			defaultConfigurationName = Release;
		};
		1DEB923508733DC60010E9CD /* Build configuration list for PBXProject "Type0010CtrlSample" */ = {
			isa = XCConfigurationList;
			buildConfigurations = (
				1DEB923608733DC60010E9CD /* Debug */,
				1DEB923708733DC60010E9CD /* Release */,
			);
			defaultConfigurationIsVisible = 0;
			defaultConfigurationName = Release;
		};
/* End XCConfigurationList section */
	};
	rootObject = 08FB7793FE84155DC02AAC07 /* Project object */;
}
